// !$*UTF8*$!
{
	archiveVersion = 1;
	classes = {
	};
	objectVersion = 55;
	objects = {

/* Begin PBXBuildFile section */
		326414CE28AB4B92007E39FA /* Firebase_Chat_AppApp.swift in Sources */ = {isa = PBXBuildFile; fileRef = 326414CD28AB4B92007E39FA /* Firebase_Chat_AppApp.swift */; };
		326414D028AB4B92007E39FA /* LoginView.swift in Sources */ = {isa = PBXBuildFile; fileRef = 326414CF28AB4B92007E39FA /* LoginView.swift */; };
		326414D228AB4B94007E39FA /* Assets.xcassets in Resources */ = {isa = PBXBuildFile; fileRef = 326414D128AB4B94007E39FA /* Assets.xcassets */; };
		326414D528AB4B94007E39FA /* Preview Assets.xcassets in Resources */ = {isa = PBXBuildFile; fileRef = 326414D428AB4B94007E39FA /* Preview Assets.xcassets */; };
		326414E128AB5BD7007E39FA /* GoogleService-Info.plist in Resources */ = {isa = PBXBuildFile; fileRef = 326414E028AB5BD7007E39FA /* GoogleService-Info.plist */; };
		326414E328ABA6CA007E39FA /* ImagePicker.swift in Sources */ = {isa = PBXBuildFile; fileRef = 326414E228ABA6CA007E39FA /* ImagePicker.swift */; };
		32D2CDFE28ACAB660049D335 /* FirebaseAuth in Frameworks */ = {isa = PBXBuildFile; productRef = 32D2CDFD28ACAB660049D335 /* FirebaseAuth */; };
		32D2CE0028ACAB660049D335 /* FirebaseFirestore in Frameworks */ = {isa = PBXBuildFile; productRef = 32D2CDFF28ACAB660049D335 /* FirebaseFirestore */; };
		32D2CE0228ACAB660049D335 /* FirebaseStorage in Frameworks */ = {isa = PBXBuildFile; productRef = 32D2CE0128ACAB660049D335 /* FirebaseStorage */; };
		32D2CE0528ACCAC80049D335 /* MainMessagesView.swift in Sources */ = {isa = PBXBuildFile; fileRef = 32D2CE0428ACCAC80049D335 /* MainMessagesView.swift */; };
		32D2CE0B28B1FE190049D335 /* ChatUser.swift in Sources */ = {isa = PBXBuildFile; fileRef = 32D2CE0A28B1FE190049D335 /* ChatUser.swift */; };
		32D2CE0D28B202060049D335 /* MainMessagesViewModel.swift in Sources */ = {isa = PBXBuildFile; fileRef = 32D2CE0C28B202060049D335 /* MainMessagesViewModel.swift */; };
		32D2CE1028B208F10049D335 /* FirebaseManager.swift in Sources */ = {isa = PBXBuildFile; fileRef = 32D2CE0F28B208F10049D335 /* FirebaseManager.swift */; };
/* End PBXBuildFile section */

/* Begin PBXFileReference section */
		326414CA28AB4B92007E39FA /* Firebase Chat App.app */ = {isa = PBXFileReference; explicitFileType = wrapper.application; includeInIndex = 0; path = "Firebase Chat App.app"; sourceTree = BUILT_PRODUCTS_DIR; };
		326414CD28AB4B92007E39FA /* Firebase_Chat_AppApp.swift */ = {isa = PBXFileReference; lastKnownFileType = sourcecode.swift; path = Firebase_Chat_AppApp.swift; sourceTree = "<group>"; };
		326414CF28AB4B92007E39FA /* LoginView.swift */ = {isa = PBXFileReference; lastKnownFileType = sourcecode.swift; path = LoginView.swift; sourceTree = "<group>"; };
		326414D128AB4B94007E39FA /* Assets.xcassets */ = {isa = PBXFileReference; lastKnownFileType = folder.assetcatalog; path = Assets.xcassets; sourceTree = "<group>"; };
		326414D428AB4B94007E39FA /* Preview Assets.xcassets */ = {isa = PBXFileReference; lastKnownFileType = folder.assetcatalog; path = "Preview Assets.xcassets"; sourceTree = "<group>"; };
		326414E028AB5BD7007E39FA /* GoogleService-Info.plist */ = {isa = PBXFileReference; fileEncoding = 4; lastKnownFileType = text.plist.xml; path = "GoogleService-Info.plist"; sourceTree = "<group>"; };
		326414E228ABA6CA007E39FA /* ImagePicker.swift */ = {isa = PBXFileReference; lastKnownFileType = sourcecode.swift; path = ImagePicker.swift; sourceTree = "<group>"; };
		32D2CE0428ACCAC80049D335 /* MainMessagesView.swift */ = {isa = PBXFileReference; lastKnownFileType = sourcecode.swift; path = MainMessagesView.swift; sourceTree = "<group>"; };
		32D2CE0A28B1FE190049D335 /* ChatUser.swift */ = {isa = PBXFileReference; lastKnownFileType = sourcecode.swift; path = ChatUser.swift; sourceTree = "<group>"; };
		32D2CE0C28B202060049D335 /* MainMessagesViewModel.swift */ = {isa = PBXFileReference; lastKnownFileType = sourcecode.swift; path = MainMessagesViewModel.swift; sourceTree = "<group>"; };
		32D2CE0F28B208F10049D335 /* FirebaseManager.swift */ = {isa = PBXFileReference; lastKnownFileType = sourcecode.swift; path = FirebaseManager.swift; sourceTree = "<group>"; };
/* End PBXFileReference section */

/* Begin PBXFrameworksBuildPhase section */
		326414C728AB4B92007E39FA /* Frameworks */ = {
			isa = PBXFrameworksBuildPhase;
			buildActionMask = 2147483647;
			files = (
				32D2CDFE28ACAB660049D335 /* FirebaseAuth in Frameworks */,
				32D2CE0028ACAB660049D335 /* FirebaseFirestore in Frameworks */,
				32D2CE0228ACAB660049D335 /* FirebaseStorage in Frameworks */,
			);
			runOnlyForDeploymentPostprocessing = 0;
		};
/* End PBXFrameworksBuildPhase section */

/* Begin PBXGroup section */
		326414C128AB4B92007E39FA = {
			isa = PBXGroup;
			children = (
				326414CC28AB4B92007E39FA /* Firebase Chat App */,
				326414CB28AB4B92007E39FA /* Products */,
			);
			sourceTree = "<group>";
		};
		326414CB28AB4B92007E39FA /* Products */ = {
			isa = PBXGroup;
			children = (
				326414CA28AB4B92007E39FA /* Firebase Chat App.app */,
			);
			name = Products;
			sourceTree = "<group>";
		};
		326414CC28AB4B92007E39FA /* Firebase Chat App */ = {
			isa = PBXGroup;
			children = (
				326414CD28AB4B92007E39FA /* Firebase_Chat_AppApp.swift */,
				32D2CE0E28B208C10049D335 /* Utils */,
				32D2CE0928B1FE010049D335 /* Model */,
				32D2CE0328ACCAA70049D335 /* MainMessages */,
				326414E028AB5BD7007E39FA /* GoogleService-Info.plist */,
				326414CF28AB4B92007E39FA /* LoginView.swift */,
				326414D128AB4B94007E39FA /* Assets.xcassets */,
				326414D328AB4B94007E39FA /* Preview Content */,
				326414E228ABA6CA007E39FA /* ImagePicker.swift */,
			);
			path = "Firebase Chat App";
			sourceTree = "<group>";
		};
		326414D328AB4B94007E39FA /* Preview Content */ = {
			isa = PBXGroup;
			children = (
				326414D428AB4B94007E39FA /* Preview Assets.xcassets */,
			);
			path = "Preview Content";
			sourceTree = "<group>";
		};
		32D2CE0328ACCAA70049D335 /* MainMessages */ = {
			isa = PBXGroup;
			children = (
				32D2CE0428ACCAC80049D335 /* MainMessagesView.swift */,
				32D2CE0C28B202060049D335 /* MainMessagesViewModel.swift */,
			);
			path = MainMessages;
			sourceTree = "<group>";
		};
		32D2CE0928B1FE010049D335 /* Model */ = {
			isa = PBXGroup;
			children = (
				32D2CE0A28B1FE190049D335 /* ChatUser.swift */,
			);
			path = Model;
			sourceTree = "<group>";
		};
		32D2CE0E28B208C10049D335 /* Utils */ = {
			isa = PBXGroup;
			children = (
				32D2CE0F28B208F10049D335 /* FirebaseManager.swift */,
			);
			path = Utils;
			sourceTree = "<group>";
		};
/* End PBXGroup section */

/* Begin PBXNativeTarget section */
		326414C928AB4B92007E39FA /* Firebase Chat App */ = {
			isa = PBXNativeTarget;
			buildConfigurationList = 326414D828AB4B94007E39FA /* Build configuration list for PBXNativeTarget "Firebase Chat App" */;
			buildPhases = (
				326414C628AB4B92007E39FA /* Sources */,
				326414C728AB4B92007E39FA /* Frameworks */,
				326414C828AB4B92007E39FA /* Resources */,
			);
			buildRules = (
			);
			dependencies = (
			);
			name = "Firebase Chat App";
			packageProductDependencies = (
				32D2CDFD28ACAB660049D335 /* FirebaseAuth */,
				32D2CDFF28ACAB660049D335 /* FirebaseFirestore */,
				32D2CE0128ACAB660049D335 /* FirebaseStorage */,
			);
			productName = "Firebase Chat App";
			productReference = 326414CA28AB4B92007E39FA /* Firebase Chat App.app */;
			productType = "com.apple.product-type.application";
		};
/* End PBXNativeTarget section */

/* Begin PBXProject section */
		326414C228AB4B92007E39FA /* Project object */ = {
			isa = PBXProject;
			attributes = {
				BuildIndependentTargetsInParallel = 1;
				LastSwiftUpdateCheck = 1330;
				LastUpgradeCheck = 1330;
				TargetAttributes = {
					326414C928AB4B92007E39FA = {
						CreatedOnToolsVersion = 13.3.1;
					};
				};
			};
			buildConfigurationList = 326414C528AB4B92007E39FA /* Build configuration list for PBXProject "Firebase Chat App" */;
			compatibilityVersion = "Xcode 13.0";
			developmentRegion = en;
			hasScannedForEncodings = 0;
			knownRegions = (
				en,
				Base,
			);
			mainGroup = 326414C128AB4B92007E39FA;
			packageReferences = (
				32D2CDFC28ACAB660049D335 /* XCRemoteSwiftPackageReference "firebase-ios-sdk" */,
			);
			productRefGroup = 326414CB28AB4B92007E39FA /* Products */;
			projectDirPath = "";
			projectRoot = "";
			targets = (
				326414C928AB4B92007E39FA /* Firebase Chat App */,
			);
		};
/* End PBXProject section */

/* Begin PBXResourcesBuildPhase section */
		326414C828AB4B92007E39FA /* Resources */ = {
			isa = PBXResourcesBuildPhase;
			buildActionMask = 2147483647;
			files = (
				326414D528AB4B94007E39FA /* Preview Assets.xcassets in Resources */,
				326414E128AB5BD7007E39FA /* GoogleService-Info.plist in Resources */,
				326414D228AB4B94007E39FA /* Assets.xcassets in Resources */,
			);
			runOnlyForDeploymentPostprocessing = 0;
		};
/* End PBXResourcesBuildPhase section */

/* Begin PBXSourcesBuildPhase section */
		326414C628AB4B92007E39FA /* Sources */ = {
			isa = PBXSourcesBuildPhase;
			buildActionMask = 2147483647;
			files = (
				326414E328ABA6CA007E39FA /* ImagePicker.swift in Sources */,
				32D2CE0528ACCAC80049D335 /* MainMessagesView.swift in Sources */,
				32D2CE1028B208F10049D335 /* FirebaseManager.swift in Sources */,
				326414D028AB4B92007E39FA /* LoginView.swift in Sources */,
				326414CE28AB4B92007E39FA /* Firebase_Chat_AppApp.swift in Sources */,
				32D2CE0B28B1FE190049D335 /* ChatUser.swift in Sources */,
				32D2CE0D28B202060049D335 /* MainMessagesViewModel.swift in Sources */,
			);
			runOnlyForDeploymentPostprocessing = 0;
		};
/* End PBXSourcesBuildPhase section */

/* Begin XCBuildConfiguration section */
		326414D628AB4B94007E39FA /* Debug */ = {
			isa = XCBuildConfiguration;
			buildSettings = {
				ALWAYS_SEARCH_USER_PATHS = NO;
				CLANG_ANALYZER_NONNULL = YES;
				CLANG_ANALYZER_NUMBER_OBJECT_CONVERSION = YES_AGGRESSIVE;
				CLANG_CXX_LANGUAGE_STANDARD = "gnu++17";
				CLANG_ENABLE_MODULES = YES;
				CLANG_ENABLE_OBJC_ARC = YES;
				CLANG_ENABLE_OBJC_WEAK = YES;
				CLANG_WARN_BLOCK_CAPTURE_AUTORELEASING = YES;
				CLANG_WARN_BOOL_CONVERSION = YES;
				CLANG_WARN_COMMA = YES;
				CLANG_WARN_CONSTANT_CONVERSION = YES;
				CLANG_WARN_DEPRECATED_OBJC_IMPLEMENTATIONS = YES;
				CLANG_WARN_DIRECT_OBJC_ISA_USAGE = YES_ERROR;
				CLANG_WARN_DOCUMENTATION_COMMENTS = YES;
				CLANG_WARN_EMPTY_BODY = YES;
				CLANG_WARN_ENUM_CONVERSION = YES;
				CLANG_WARN_INFINITE_RECURSION = YES;
				CLANG_WARN_INT_CONVERSION = YES;
				CLANG_WARN_NON_LITERAL_NULL_CONVERSION = YES;
				CLANG_WARN_OBJC_IMPLICIT_RETAIN_SELF = YES;
				CLANG_WARN_OBJC_LITERAL_CONVERSION = YES;
				CLANG_WARN_OBJC_ROOT_CLASS = YES_ERROR;
				CLANG_WARN_QUOTED_INCLUDE_IN_FRAMEWORK_HEADER = YES;
				CLANG_WARN_RANGE_LOOP_ANALYSIS = YES;
				CLANG_WARN_STRICT_PROTOTYPES = YES;
				CLANG_WARN_SUSPICIOUS_MOVE = YES;
				CLANG_WARN_UNGUARDED_AVAILABILITY = YES_AGGRESSIVE;
				CLANG_WARN_UNREACHABLE_CODE = YES;
				CLANG_WARN__DUPLICATE_METHOD_MATCH = YES;
				COPY_PHASE_STRIP = NO;
				DEBUG_INFORMATION_FORMAT = dwarf;
				ENABLE_STRICT_OBJC_MSGSEND = YES;
				ENABLE_TESTABILITY = YES;
				GCC_C_LANGUAGE_STANDARD = gnu11;
				GCC_DYNAMIC_NO_PIC = NO;
				GCC_NO_COMMON_BLOCKS = YES;
				GCC_OPTIMIZATION_LEVEL = 0;
				GCC_PREPROCESSOR_DEFINITIONS = (
					"DEBUG=1",
					"$(inherited)",
				);
				GCC_WARN_64_TO_32_BIT_CONVERSION = YES;
				GCC_WARN_ABOUT_RETURN_TYPE = YES_ERROR;
				GCC_WARN_UNDECLARED_SELECTOR = YES;
				GCC_WARN_UNINITIALIZED_AUTOS = YES_AGGRESSIVE;
				GCC_WARN_UNUSED_FUNCTION = YES;
				GCC_WARN_UNUSED_VARIABLE = YES;
				IPHONEOS_DEPLOYMENT_TARGET = 15.4;
				MTL_ENABLE_DEBUG_INFO = INCLUDE_SOURCE;
				MTL_FAST_MATH = YES;
				ONLY_ACTIVE_ARCH = YES;
				SDKROOT = iphoneos;
				SWIFT_ACTIVE_COMPILATION_CONDITIONS = DEBUG;
				SWIFT_OPTIMIZATION_LEVEL = "-Onone";
			};
			name = Debug;
		};
		326414D728AB4B94007E39FA /* Release */ = {
			isa = XCBuildConfiguration;
			buildSettings = {
				ALWAYS_SEARCH_USER_PATHS = NO;
				CLANG_ANALYZER_NONNULL = YES;
				CLANG_ANALYZER_NUMBER_OBJECT_CONVERSION = YES_AGGRESSIVE;
				CLANG_CXX_LANGUAGE_STANDARD = "gnu++17";
				CLANG_ENABLE_MODULES = YES;
				CLANG_ENABLE_OBJC_ARC = YES;
				CLANG_ENABLE_OBJC_WEAK = YES;
				CLANG_WARN_BLOCK_CAPTURE_AUTORELEASING = YES;
				CLANG_WARN_BOOL_CONVERSION = YES;
				CLANG_WARN_COMMA = YES;
				CLANG_WARN_CONSTANT_CONVERSION = YES;
				CLANG_WARN_DEPRECATED_OBJC_IMPLEMENTATIONS = YES;
				CLANG_WARN_DIRECT_OBJC_ISA_USAGE = YES_ERROR;
				CLANG_WARN_DOCUMENTATION_COMMENTS = YES;
				CLANG_WARN_EMPTY_BODY = YES;
				CLANG_WARN_ENUM_CONVERSION = YES;
				CLANG_WARN_INFINITE_RECURSION = YES;
				CLANG_WARN_INT_CONVERSION = YES;
				CLANG_WARN_NON_LITERAL_NULL_CONVERSION = YES;
				CLANG_WARN_OBJC_IMPLICIT_RETAIN_SELF = YES;
				CLANG_WARN_OBJC_LITERAL_CONVERSION = YES;
				CLANG_WARN_OBJC_ROOT_CLASS = YES_ERROR;
				CLANG_WARN_QUOTED_INCLUDE_IN_FRAMEWORK_HEADER = YES;
				CLANG_WARN_RANGE_LOOP_ANALYSIS = YES;
				CLANG_WARN_STRICT_PROTOTYPES = YES;
				CLANG_WARN_SUSPICIOUS_MOVE = YES;
				CLANG_WARN_UNGUARDED_AVAILABILITY = YES_AGGRESSIVE;
				CLANG_WARN_UNREACHABLE_CODE = YES;
				CLANG_WARN__DUPLICATE_METHOD_MATCH = YES;
				COPY_PHASE_STRIP = NO;
				DEBUG_INFORMATION_FORMAT = "dwarf-with-dsym";
				ENABLE_NS_ASSERTIONS = NO;
				ENABLE_STRICT_OBJC_MSGSEND = YES;
				GCC_C_LANGUAGE_STANDARD = gnu11;
				GCC_NO_COMMON_BLOCKS = YES;
				GCC_WARN_64_TO_32_BIT_CONVERSION = YES;
				GCC_WARN_ABOUT_RETURN_TYPE = YES_ERROR;
				GCC_WARN_UNDECLARED_SELECTOR = YES;
				GCC_WARN_UNINITIALIZED_AUTOS = YES_AGGRESSIVE;
				GCC_WARN_UNUSED_FUNCTION = YES;
				GCC_WARN_UNUSED_VARIABLE = YES;
				IPHONEOS_DEPLOYMENT_TARGET = 15.4;
				MTL_ENABLE_DEBUG_INFO = NO;
				MTL_FAST_MATH = YES;
				SDKROOT = iphoneos;
				SWIFT_COMPILATION_MODE = wholemodule;
				SWIFT_OPTIMIZATION_LEVEL = "-O";
				VALIDATE_PRODUCT = YES;
			};
			name = Release;
		};
		326414D928AB4B94007E39FA /* Debug */ = {
			isa = XCBuildConfiguration;
			buildSettings = {
				ASSETCATALOG_COMPILER_APPICON_NAME = AppIcon;
				ASSETCATALOG_COMPILER_GLOBAL_ACCENT_COLOR_NAME = AccentColor;
				CODE_SIGN_STYLE = Automatic;
				CURRENT_PROJECT_VERSION = 1;
				DEVELOPMENT_ASSET_PATHS = "\"Firebase Chat App/Preview Content\"";
				DEVELOPMENT_TEAM = S74QP45FRW;
				ENABLE_PREVIEWS = YES;
				GENERATE_INFOPLIST_FILE = YES;
				INFOPLIST_KEY_UIApplicationSceneManifest_Generation = YES;
				INFOPLIST_KEY_UIApplicationSupportsIndirectInputEvents = YES;
				INFOPLIST_KEY_UILaunchScreen_Generation = YES;
				INFOPLIST_KEY_UISupportedInterfaceOrientations_iPad = "UIInterfaceOrientationPortrait UIInterfaceOrientationPortraitUpsideDown UIInterfaceOrientationLandscapeLeft UIInterfaceOrientationLandscapeRight";
				INFOPLIST_KEY_UISupportedInterfaceOrientations_iPhone = "UIInterfaceOrientationPortrait UIInterfaceOrientationLandscapeLeft UIInterfaceOrientationLandscapeRight";
				LD_RUNPATH_SEARCH_PATHS = (
					"$(inherited)",
					"@executable_path/Frameworks",
				);
				MARKETING_VERSION = 1.0;
				PRODUCT_BUNDLE_IDENTIFIER = "com.SadmanAdib.Firebase-Chat-App";
				PRODUCT_NAME = "$(TARGET_NAME)";
				SWIFT_EMIT_LOC_STRINGS = YES;
				SWIFT_VERSION = 5.0;
				TARGETED_DEVICE_FAMILY = "1,2";
			};
			name = Debug;
		};
		326414DA28AB4B94007E39FA /* Release */ = {
			isa = XCBuildConfiguration;
			buildSettings = {
				ASSETCATALOG_COMPILER_APPICON_NAME = AppIcon;
				ASSETCATALOG_COMPILER_GLOBAL_ACCENT_COLOR_NAME = AccentColor;
				CODE_SIGN_STYLE = Automatic;
				CURRENT_PROJECT_VERSION = 1;
				DEVELOPMENT_ASSET_PATHS = "\"Firebase Chat App/Preview Content\"";
				DEVELOPMENT_TEAM = S74QP45FRW;
				ENABLE_PREVIEWS = YES;
				GENERATE_INFOPLIST_FILE = YES;
				INFOPLIST_KEY_UIApplicationSceneManifest_Generation = YES;
				INFOPLIST_KEY_UIApplicationSupportsIndirectInputEvents = YES;
				INFOPLIST_KEY_UILaunchScreen_Generation = YES;
				INFOPLIST_KEY_UISupportedInterfaceOrientations_iPad = "UIInterfaceOrientationPortrait UIInterfaceOrientationPortraitUpsideDown UIInterfaceOrientationLandscapeLeft UIInterfaceOrientationLandscapeRight";
				INFOPLIST_KEY_UISupportedInterfaceOrientations_iPhone = "UIInterfaceOrientationPortrait UIInterfaceOrientationLandscapeLeft UIInterfaceOrientationLandscapeRight";
				LD_RUNPATH_SEARCH_PATHS = (
					"$(inherited)",
					"@executable_path/Frameworks",
				);
				MARKETING_VERSION = 1.0;
				PRODUCT_BUNDLE_IDENTIFIER = "com.SadmanAdib.Firebase-Chat-App";
				PRODUCT_NAME = "$(TARGET_NAME)";
				SWIFT_EMIT_LOC_STRINGS = YES;
				SWIFT_VERSION = 5.0;
				TARGETED_DEVICE_FAMILY = "1,2";
			};
			name = Release;
		};
/* End XCBuildConfiguration section */

/* Begin XCConfigurationList section */
		326414C528AB4B92007E39FA /* Build configuration list for PBXProject "Firebase Chat App" */ = {
			isa = XCConfigurationList;
			buildConfigurations = (
				326414D628AB4B94007E39FA /* Debug */,
				326414D728AB4B94007E39FA /* Release */,
			);
			defaultConfigurationIsVisible = 0;
			defaultConfigurationName = Release;
		};
		326414D828AB4B94007E39FA /* Build configuration list for PBXNativeTarget "Firebase Chat App" */ = {
			isa = XCConfigurationList;
			buildConfigurations = (
				326414D928AB4B94007E39FA /* Debug */,
				326414DA28AB4B94007E39FA /* Release */,
			);
			defaultConfigurationIsVisible = 0;
			defaultConfigurationName = Release;
		};
/* End XCConfigurationList section */

/* Begin XCRemoteSwiftPackageReference section */
		32D2CDFC28ACAB660049D335 /* XCRemoteSwiftPackageReference "firebase-ios-sdk" */ = {
			isa = XCRemoteSwiftPackageReference;
			repositoryURL = "https://github.com/firebase/firebase-ios-sdk.git";
			requirement = {
				kind = upToNextMajorVersion;
				minimumVersion = 9.0.0;
			};
		};
/* End XCRemoteSwiftPackageReference section */

/* Begin XCSwiftPackageProductDependency section */
		32D2CDFD28ACAB660049D335 /* FirebaseAuth */ = {
			isa = XCSwiftPackageProductDependency;
			package = 32D2CDFC28ACAB660049D335 /* XCRemoteSwiftPackageReference "firebase-ios-sdk" */;
			productName = FirebaseAuth;
		};
		32D2CDFF28ACAB660049D335 /* FirebaseFirestore */ = {
			isa = XCSwiftPackageProductDependency;
			package = 32D2CDFC28ACAB660049D335 /* XCRemoteSwiftPackageReference "firebase-ios-sdk" */;
			productName = FirebaseFirestore;
		};
		32D2CE0128ACAB660049D335 /* FirebaseStorage */ = {
			isa = XCSwiftPackageProductDependency;
			package = 32D2CDFC28ACAB660049D335 /* XCRemoteSwiftPackageReference "firebase-ios-sdk" */;
			productName = FirebaseStorage;
		};
/* End XCSwiftPackageProductDependency section */
	};
	rootObject = 326414C228AB4B92007E39FA /* Project object */;
}
